
Microsoft Visual Studio Solution File, Format Version 12.00
# Visual Studio Version 17
VisualStudioVersion = 17.1.32319.34
MinimumVisualStudioVersion = 10.0.40219.1
Project("{F184B08F-C81C-45F6-A57F-5ABD9991F28F}") = "OurMeals", "OurMeals.vbproj", "{FA36A3E7-5876-439E-BF5E-2E6DB791B818}"
EndProject
Global
	GlobalSection(SolutionConfigurationPlatforms) = preSolution
		Debug|Any CPU = Debug|Any CPU
		Release|Any CPU = Release|Any CPU
	EndGlobalSection
	GlobalSection(ProjectConfigurationPlatforms) = postSolution
		{FA36A3E7-5876-439E-BF5E-2E6DB791B818}.Debug|Any CPU.ActiveCfg = Debug|Any CPU
		{FA36A3E7-5876-439E-BF5E-2E6DB791B818}.Debug|Any CPU.Build.0 = Debug|Any CPU
		{FA36A3E7-5876-439E-BF5E-2E6DB791B818}.Release|Any CPU.ActiveCfg = Release|Any CPU
		{FA36A3E7-5876-439E-BF5E-2E6DB791B818}.Release|Any CPU.Build.0 = Release|Any CPU
	EndGlobalSection
	GlobalSection(SolutionProperties) = preSolution
		HideSolutionNode = FALSE
	EndGlobalSection
	GlobalSection(ExtensibilityGlobals) = postSolution
		SolutionGuid = {3F72A44E-52CD-498B-8187-7F5046125103}
	EndGlobalSection
EndGlobal
